// ConsoleApplication4.cpp : This file contains the 'main' function. Program execution begins and ends there.
//this program transcribe DNA molecues and deltes white spaces betweeen string array inputs.
//wriiten by Brian L. Allen II

#include "pch.h"
#include <iostream>
#include <string>
#include <cstring>
using namespace std;

string DNAtoRNA(string &str);				//FUNCTION PROTOTYPE
int main()
{
	string DNAInput;
	cout << "Enter DNA sequence in upper case values..."<<endl<<endl;
	getline(cin, DNAInput);
	string output =DNAtoRNA(DNAInput);
	cout << endl << output;
	
	
}


string DNAtoRNA(string &str)
{			///transcription occuring//

																						
		int i = 0, len, j;
		len = str.length();
		for (i = 0; i < len; i++)
		{
			if (str[i] == ' ')
			{
				for (j = i; j < len; j++)
				{
					str[j] = str[j + 1];
				}
				len--;
			}
		}
		for (i = 0; i < len; i++)
		{
			for (int j = 33; j <= 63; j ++)
			{

				if (str[i] == j)
				{
					return "error";
				}
		
			}
		}

		///transcribing the new array of dna sequences
		for (int i = 0; i < str.length(); i++) {
			if (str[i] == 'A') {
				str[i] = 'U';
			}
			else if (str[i] == 'C') {
				str[i] = 'G';
			}
			else if (str[i] == 'G') {
				str[i] = 'C';
			}
			else if (str[i] == 'T') {
				str[i] = 'A';
			}

		}


		return  str;


		
}
